
Microsoft Visual Studio Solution File, Format Version 12.00
Project("{FAE04EC0-301F-11D3-BF4B-00C04F79EFBC}") = "MyZhiHuAPI", "MyZhiHuAPI\MyZhiHuAPI.csproj", "{035738E3-9E14-4E77-9E65-D55699F661A1}"
EndProject
Global
	GlobalSection(SolutionConfigurationPlatforms) = preSolution
		Debug|Any CPU = Debug|Any CPU
		Release|Any CPU = Release|Any CPU
	EndGlobalSection
	GlobalSection(ProjectConfigurationPlatforms) = postSolution
		{035738E3-9E14-4E77-9E65-D55699F661A1}.Debug|Any CPU.ActiveCfg = Debug|Any CPU
		{035738E3-9E14-4E77-9E65-D55699F661A1}.Debug|Any CPU.Build.0 = Debug|Any CPU
		{035738E3-9E14-4E77-9E65-D55699F661A1}.Release|Any CPU.ActiveCfg = Release|Any CPU
		{035738E3-9E14-4E77-9E65-D55699F661A1}.Release|Any CPU.Build.0 = Release|Any CPU
	EndGlobalSection
EndGlobal
